
Microsoft Visual Studio Solution File, Format Version 12.00
# Visual Studio 15
VisualStudioVersion = 15.0.26124.0
MinimumVisualStudioVersion = 15.0.26124.0
Project("{FAE04EC0-301F-11D3-BF4B-00C04F79EFBC}") = "InMemoryApi", "InMemoryApi\InMemoryApi.csproj", "{CD57B7A2-E8CC-4EB8-8A18-55883972CC39}"
EndProject
Project("{FAE04EC0-301F-11D3-BF4B-00C04F79EFBC}") = "CosmosSqlAi", "CosmosSqlAi\CosmosSqlAi.csproj", "{7C1E8845-51E5-45D4-B275-C487BDF4465F}"
EndProject
Project("{FAE04EC0-301F-11D3-BF4B-00C04F79EFBC}") = "MongoApi", "MongoApi\MongoApi.csproj", "{CB4CA3CD-615E-457D-82CA-CDAF38BA9615}"
EndProject
Project("{FAE04EC0-301F-11D3-BF4B-00C04F79EFBC}") = "EfCoreApi", "EfCoreApi\EfCoreApi.csproj", "{1DAD54A1-BD54-4C1B-9E13-5A1A92D65E05}"
EndProject
Project("{FAE04EC0-301F-11D3-BF4B-00C04F79EFBC}") = "EfCosmosApi", "EfCosmosApi\EfCosmosApi.csproj", "{E3289B4B-42A8-4D4E-A33B-E969A79C866F}"
EndProject
Global
	GlobalSection(SolutionConfigurationPlatforms) = preSolution
		Debug|Any CPU = Debug|Any CPU
		Debug|x64 = Debug|x64
		Debug|x86 = Debug|x86
		Release|Any CPU = Release|Any CPU
		Release|x64 = Release|x64
		Release|x86 = Release|x86
	EndGlobalSection
	GlobalSection(SolutionProperties) = preSolution
		HideSolutionNode = FALSE
	EndGlobalSection
	GlobalSection(ProjectConfigurationPlatforms) = postSolution
		{CD57B7A2-E8CC-4EB8-8A18-55883972CC39}.Debug|Any CPU.ActiveCfg = Debug|Any CPU
		{CD57B7A2-E8CC-4EB8-8A18-55883972CC39}.Debug|Any CPU.Build.0 = Debug|Any CPU
		{CD57B7A2-E8CC-4EB8-8A18-55883972CC39}.Debug|x64.ActiveCfg = Debug|Any CPU
		{CD57B7A2-E8CC-4EB8-8A18-55883972CC39}.Debug|x64.Build.0 = Debug|Any CPU
		{CD57B7A2-E8CC-4EB8-8A18-55883972CC39}.Debug|x86.ActiveCfg = Debug|Any CPU
		{CD57B7A2-E8CC-4EB8-8A18-55883972CC39}.Debug|x86.Build.0 = Debug|Any CPU
		{CD57B7A2-E8CC-4EB8-8A18-55883972CC39}.Release|Any CPU.ActiveCfg = Release|Any CPU
		{CD57B7A2-E8CC-4EB8-8A18-55883972CC39}.Release|Any CPU.Build.0 = Release|Any CPU
		{CD57B7A2-E8CC-4EB8-8A18-55883972CC39}.Release|x64.ActiveCfg = Release|Any CPU
		{CD57B7A2-E8CC-4EB8-8A18-55883972CC39}.Release|x64.Build.0 = Release|Any CPU
		{CD57B7A2-E8CC-4EB8-8A18-55883972CC39}.Release|x86.ActiveCfg = Release|Any CPU
		{CD57B7A2-E8CC-4EB8-8A18-55883972CC39}.Release|x86.Build.0 = Release|Any CPU
		{7C1E8845-51E5-45D4-B275-C487BDF4465F}.Debug|Any CPU.ActiveCfg = Debug|Any CPU
		{7C1E8845-51E5-45D4-B275-C487BDF4465F}.Debug|Any CPU.Build.0 = Debug|Any CPU
		{7C1E8845-51E5-45D4-B275-C487BDF4465F}.Debug|x64.ActiveCfg = Debug|Any CPU
		{7C1E8845-51E5-45D4-B275-C487BDF4465F}.Debug|x64.Build.0 = Debug|Any CPU
		{7C1E8845-51E5-45D4-B275-C487BDF4465F}.Debug|x86.ActiveCfg = Debug|Any CPU
		{7C1E8845-51E5-45D4-B275-C487BDF4465F}.Debug|x86.Build.0 = Debug|Any CPU
		{7C1E8845-51E5-45D4-B275-C487BDF4465F}.Release|Any CPU.ActiveCfg = Release|Any CPU
		{7C1E8845-51E5-45D4-B275-C487BDF4465F}.Release|Any CPU.Build.0 = Release|Any CPU
		{7C1E8845-51E5-45D4-B275-C487BDF4465F}.Release|x64.ActiveCfg = Release|Any CPU
		{7C1E8845-51E5-45D4-B275-C487BDF4465F}.Release|x64.Build.0 = Release|Any CPU
		{7C1E8845-51E5-45D4-B275-C487BDF4465F}.Release|x86.ActiveCfg = Release|Any CPU
		{7C1E8845-51E5-45D4-B275-C487BDF4465F}.Release|x86.Build.0 = Release|Any CPU
		{CB4CA3CD-615E-457D-82CA-CDAF38BA9615}.Debug|Any CPU.ActiveCfg = Debug|Any CPU
		{CB4CA3CD-615E-457D-82CA-CDAF38BA9615}.Debug|Any CPU.Build.0 = Debug|Any CPU
		{CB4CA3CD-615E-457D-82CA-CDAF38BA9615}.Debug|x64.ActiveCfg = Debug|Any CPU
		{CB4CA3CD-615E-457D-82CA-CDAF38BA9615}.Debug|x64.Build.0 = Debug|Any CPU
		{CB4CA3CD-615E-457D-82CA-CDAF38BA9615}.Debug|x86.ActiveCfg = Debug|Any CPU
		{CB4CA3CD-615E-457D-82CA-CDAF38BA9615}.Debug|x86.Build.0 = Debug|Any CPU
		{CB4CA3CD-615E-457D-82CA-CDAF38BA9615}.Release|Any CPU.ActiveCfg = Release|Any CPU
		{CB4CA3CD-615E-457D-82CA-CDAF38BA9615}.Release|Any CPU.Build.0 = Release|Any CPU
		{CB4CA3CD-615E-457D-82CA-CDAF38BA9615}.Release|x64.ActiveCfg = Release|Any CPU
		{CB4CA3CD-615E-457D-82CA-CDAF38BA9615}.Release|x64.Build.0 = Release|Any CPU
		{CB4CA3CD-615E-457D-82CA-CDAF38BA9615}.Release|x86.ActiveCfg = Release|Any CPU
		{CB4CA3CD-615E-457D-82CA-CDAF38BA9615}.Release|x86.Build.0 = Release|Any CPU
		{1DAD54A1-BD54-4C1B-9E13-5A1A92D65E05}.Debug|Any CPU.ActiveCfg = Debug|Any CPU
		{1DAD54A1-BD54-4C1B-9E13-5A1A92D65E05}.Debug|Any CPU.Build.0 = Debug|Any CPU
		{1DAD54A1-BD54-4C1B-9E13-5A1A92D65E05}.Debug|x64.ActiveCfg = Debug|Any CPU
		{1DAD54A1-BD54-4C1B-9E13-5A1A92D65E05}.Debug|x64.Build.0 = Debug|Any CPU
		{1DAD54A1-BD54-4C1B-9E13-5A1A92D65E05}.Debug|x86.ActiveCfg = Debug|Any CPU
		{1DAD54A1-BD54-4C1B-9E13-5A1A92D65E05}.Debug|x86.Build.0 = Debug|Any CPU
		{1DAD54A1-BD54-4C1B-9E13-5A1A92D65E05}.Release|Any CPU.ActiveCfg = Release|Any CPU
		{1DAD54A1-BD54-4C1B-9E13-5A1A92D65E05}.Release|Any CPU.Build.0 = Release|Any CPU
		{1DAD54A1-BD54-4C1B-9E13-5A1A92D65E05}.Release|x64.ActiveCfg = Release|Any CPU
		{1DAD54A1-BD54-4C1B-9E13-5A1A92D65E05}.Release|x64.Build.0 = Release|Any CPU
		{1DAD54A1-BD54-4C1B-9E13-5A1A92D65E05}.Release|x86.ActiveCfg = Release|Any CPU
		{1DAD54A1-BD54-4C1B-9E13-5A1A92D65E05}.Release|x86.Build.0 = Release|Any CPU
		{E3289B4B-42A8-4D4E-A33B-E969A79C866F}.Debug|Any CPU.ActiveCfg = Debug|Any CPU
		{E3289B4B-42A8-4D4E-A33B-E969A79C866F}.Debug|Any CPU.Build.0 = Debug|Any CPU
		{E3289B4B-42A8-4D4E-A33B-E969A79C866F}.Debug|x64.ActiveCfg = Debug|Any CPU
		{E3289B4B-42A8-4D4E-A33B-E969A79C866F}.Debug|x64.Build.0 = Debug|Any CPU
		{E3289B4B-42A8-4D4E-A33B-E969A79C866F}.Debug|x86.ActiveCfg = Debug|Any CPU
		{E3289B4B-42A8-4D4E-A33B-E969A79C866F}.Debug|x86.Build.0 = Debug|Any CPU
		{E3289B4B-42A8-4D4E-A33B-E969A79C866F}.Release|Any CPU.ActiveCfg = Release|Any CPU
		{E3289B4B-42A8-4D4E-A33B-E969A79C866F}.Release|Any CPU.Build.0 = Release|Any CPU
		{E3289B4B-42A8-4D4E-A33B-E969A79C866F}.Release|x64.ActiveCfg = Release|Any CPU
		{E3289B4B-42A8-4D4E-A33B-E969A79C866F}.Release|x64.Build.0 = Release|Any CPU
		{E3289B4B-42A8-4D4E-A33B-E969A79C866F}.Release|x86.ActiveCfg = Release|Any CPU
		{E3289B4B-42A8-4D4E-A33B-E969A79C866F}.Release|x86.Build.0 = Release|Any CPU
	EndGlobalSection
EndGlobal
